{
  "name": "docdash",
  "version": "1.0.0",
  "lockfileVersion": 1,
  "requires": true,
  "dependencies": {
    "kyanite": {
      "version": "0.10.1",
      "resolved": "https://registry.npmjs.org/kyanite/-/kyanite-0.10.1.tgz",
      "integrity": "sha512-/9RRCsepbAH68U/c3+/MTVU4Ja8DcUKn3GvANV4WqJgsn4uiLMI2Yc1iPYSHW+hPZ+2dMQH/56bG9hzKp0fx1A=="
    }
  }
}
